
Microsoft Visual Studio Solution File, Format Version 12.00
# Visual Studio 15
VisualStudioVersion = 15.0.26730.10
MinimumVisualStudioVersion = 10.0.40219.1
Project("{FAE04EC0-301F-11D3-BF4B-00C04F79EFBC}") = "Percona2BpmSync", "LostOrderUtils\Percona2BpmSync.csproj", "{69F30A30-3FA6-488F-B78A-4FD01E1AEA91}"
EndProject
Global
	GlobalSection(SolutionConfigurationPlatforms) = preSolution
		Debug|Any CPU = Debug|Any CPU
		Release|Any CPU = Release|Any CPU
	EndGlobalSection
	GlobalSection(ProjectConfigurationPlatforms) = postSolution
		{69F30A30-3FA6-488F-B78A-4FD01E1AEA91}.Debug|Any CPU.ActiveCfg = Debug|Any CPU
		{69F30A30-3FA6-488F-B78A-4FD01E1AEA91}.Debug|Any CPU.Build.0 = Debug|Any CPU
		{69F30A30-3FA6-488F-B78A-4FD01E1AEA91}.Release|Any CPU.ActiveCfg = Release|Any CPU
		{69F30A30-3FA6-488F-B78A-4FD01E1AEA91}.Release|Any CPU.Build.0 = Release|Any CPU
	EndGlobalSection
	GlobalSection(SolutionProperties) = preSolution
		HideSolutionNode = FALSE
	EndGlobalSection
	GlobalSection(ExtensibilityGlobals) = postSolution
		SolutionGuid = {62CB85F7-4FDE-450B-9C6C-9883D0A3C1ED}
	EndGlobalSection
EndGlobal
